
Microsoft Visual Studio Solution File, Format Version 12.00
# Visual Studio Version 17
VisualStudioVersion = 17.1.32210.238
MinimumVisualStudioVersion = 10.0.40219.1
Project("{FAE04EC0-301F-11D3-BF4B-00C04F79EFBC}") = "IssueTracker", "IssueTracker\IssueTracker.csproj", "{37A03AFD-0E49-4D69-A038-4817AA7A5B3B}"
EndProject
Global
	GlobalSection(SolutionConfigurationPlatforms) = preSolution
		Debug|Any CPU = Debug|Any CPU
		Release|Any CPU = Release|Any CPU
	EndGlobalSection
	GlobalSection(ProjectConfigurationPlatforms) = postSolution
		{37A03AFD-0E49-4D69-A038-4817AA7A5B3B}.Debug|Any CPU.ActiveCfg = Debug|Any CPU
		{37A03AFD-0E49-4D69-A038-4817AA7A5B3B}.Debug|Any CPU.Build.0 = Debug|Any CPU
		{37A03AFD-0E49-4D69-A038-4817AA7A5B3B}.Release|Any CPU.ActiveCfg = Release|Any CPU
		{37A03AFD-0E49-4D69-A038-4817AA7A5B3B}.Release|Any CPU.Build.0 = Release|Any CPU
	EndGlobalSection
	GlobalSection(SolutionProperties) = preSolution
		HideSolutionNode = FALSE
	EndGlobalSection
	GlobalSection(ExtensibilityGlobals) = postSolution
		SolutionGuid = {0FC4EE47-E266-4177-A1E1-DBF98D70C8DD}
	EndGlobalSection
EndGlobal
